
Microsoft Visual Studio Solution File, Format Version 12.00
# Visual Studio Version 17
VisualStudioVersion = 17.8.34525.116
MinimumVisualStudioVersion = 10.0.40219.1
Project("{FAE04EC0-301F-11D3-BF4B-00C04F79EFBC}") = "RockPaperScissorGame", "RockPaperScissorGame.csproj", "{2AF72DEE-98BC-4BEA-A229-3CE8D74EBBCA}"
EndProject
Global
	GlobalSection(SolutionConfigurationPlatforms) = preSolution
		Debug|Any CPU = Debug|Any CPU
		Release|Any CPU = Release|Any CPU
	EndGlobalSection
	GlobalSection(ProjectConfigurationPlatforms) = postSolution
		{2AF72DEE-98BC-4BEA-A229-3CE8D74EBBCA}.Debug|Any CPU.ActiveCfg = Debug|Any CPU
		{2AF72DEE-98BC-4BEA-A229-3CE8D74EBBCA}.Debug|Any CPU.Build.0 = Debug|Any CPU
		{2AF72DEE-98BC-4BEA-A229-3CE8D74EBBCA}.Release|Any CPU.ActiveCfg = Release|Any CPU
		{2AF72DEE-98BC-4BEA-A229-3CE8D74EBBCA}.Release|Any CPU.Build.0 = Release|Any CPU
	EndGlobalSection
	GlobalSection(SolutionProperties) = preSolution
		HideSolutionNode = FALSE
	EndGlobalSection
	GlobalSection(ExtensibilityGlobals) = postSolution
		SolutionGuid = {2ED54C6B-9581-4996-9A70-C98A49153A60}
	EndGlobalSection
EndGlobal
